
Microsoft Visual Studio Solution File, Format Version 12.00
# Visual Studio Version 17
VisualStudioVersion = 17.11.35327.3
MinimumVisualStudioVersion = 10.0.40219.1
Project("{9A19103F-16F7-4668-BE54-9A1E7A4F7556}") = "GHent.App", "GHent.App\GHent.App.csproj", "{C863B741-F81F-4390-83C6-7EF9925033AA}"
EndProject
Project("{9A19103F-16F7-4668-BE54-9A1E7A4F7556}") = "GHent.Shared", "GHent.Models\GHent.Shared.csproj", "{6D733DF5-0D8C-4308-AAB4-E33398D7E866}"
EndProject
Project("{9A19103F-16F7-4668-BE54-9A1E7A4F7556}") = "GHent.GHentai", "GHent.Request\GHent.GHentai.csproj", "{15153717-A2AB-4B5D-855D-1ABCA9BE97B9}"
EndProject
Project("{9A19103F-16F7-4668-BE54-9A1E7A4F7556}") = "Ghent.SimplyHentai", "SimplyHentai\Ghent.SimplyHentai.csproj", "{C1210B8B-229A-4FE4-AF22-756EC2739AE4}"
EndProject
Project("{2150E333-8FDC-42A3-9474-1A3956D46DE8}") = "Processors", "Processors", "{7BA221F2-A996-48E2-B01F-C5402ACF150B}"
EndProject
Global
	GlobalSection(SolutionConfigurationPlatforms) = preSolution
		Debug|Any CPU = Debug|Any CPU
		Release|Any CPU = Release|Any CPU
	EndGlobalSection
	GlobalSection(ProjectConfigurationPlatforms) = postSolution
		{C863B741-F81F-4390-83C6-7EF9925033AA}.Debug|Any CPU.ActiveCfg = Debug|Any CPU
		{C863B741-F81F-4390-83C6-7EF9925033AA}.Debug|Any CPU.Build.0 = Debug|Any CPU
		{C863B741-F81F-4390-83C6-7EF9925033AA}.Release|Any CPU.ActiveCfg = Release|Any CPU
		{C863B741-F81F-4390-83C6-7EF9925033AA}.Release|Any CPU.Build.0 = Release|Any CPU
		{6D733DF5-0D8C-4308-AAB4-E33398D7E866}.Debug|Any CPU.ActiveCfg = Debug|Any CPU
		{6D733DF5-0D8C-4308-AAB4-E33398D7E866}.Debug|Any CPU.Build.0 = Debug|Any CPU
		{6D733DF5-0D8C-4308-AAB4-E33398D7E866}.Release|Any CPU.ActiveCfg = Release|Any CPU
		{6D733DF5-0D8C-4308-AAB4-E33398D7E866}.Release|Any CPU.Build.0 = Release|Any CPU
		{15153717-A2AB-4B5D-855D-1ABCA9BE97B9}.Debug|Any CPU.ActiveCfg = Debug|Any CPU
		{15153717-A2AB-4B5D-855D-1ABCA9BE97B9}.Debug|Any CPU.Build.0 = Debug|Any CPU
		{15153717-A2AB-4B5D-855D-1ABCA9BE97B9}.Release|Any CPU.ActiveCfg = Release|Any CPU
		{15153717-A2AB-4B5D-855D-1ABCA9BE97B9}.Release|Any CPU.Build.0 = Release|Any CPU
		{C1210B8B-229A-4FE4-AF22-756EC2739AE4}.Debug|Any CPU.ActiveCfg = Debug|Any CPU
		{C1210B8B-229A-4FE4-AF22-756EC2739AE4}.Debug|Any CPU.Build.0 = Debug|Any CPU
		{C1210B8B-229A-4FE4-AF22-756EC2739AE4}.Release|Any CPU.ActiveCfg = Release|Any CPU
		{C1210B8B-229A-4FE4-AF22-756EC2739AE4}.Release|Any CPU.Build.0 = Release|Any CPU
	EndGlobalSection
	GlobalSection(SolutionProperties) = preSolution
		HideSolutionNode = FALSE
	EndGlobalSection
	GlobalSection(NestedProjects) = preSolution
		{15153717-A2AB-4B5D-855D-1ABCA9BE97B9} = {7BA221F2-A996-48E2-B01F-C5402ACF150B}
		{C1210B8B-229A-4FE4-AF22-756EC2739AE4} = {7BA221F2-A996-48E2-B01F-C5402ACF150B}
	EndGlobalSection
	GlobalSection(ExtensibilityGlobals) = postSolution
		SolutionGuid = {F973CB9D-D310-47A4-BD87-CCDC4B6926F6}
	EndGlobalSection
EndGlobal
