
Microsoft Visual Studio Solution File, Format Version 12.00
# Visual Studio Version 16
VisualStudioVersion = 16.0.29411.108
MinimumVisualStudioVersion = 10.0.40219.1
Project("{9A19103F-16F7-4668-BE54-9A1E7A4F7556}") = "GHent.App", "GHent.App\GHent.App.csproj", "{C863B741-F81F-4390-83C6-7EF9925033AA}"
EndProject
Project("{9A19103F-16F7-4668-BE54-9A1E7A4F7556}") = "GHent.Models", "GHent.Models\GHent.Models.csproj", "{6D733DF5-0D8C-4308-AAB4-E33398D7E866}"
EndProject
Project("{9A19103F-16F7-4668-BE54-9A1E7A4F7556}") = "GHent.RequestProcessor", "GHent.Request\GHent.RequestProcessor.csproj", "{15153717-A2AB-4B5D-855D-1ABCA9BE97B9}"
EndProject
Project("{FAE04EC0-301F-11D3-BF4B-00C04F79EFBC}") = "GHent.Tools", "GHent.Tools\GHent.Tools.csproj", "{5A566020-4B41-425F-BCDB-E3841436DD4F}"
EndProject
Global
	GlobalSection(SolutionConfigurationPlatforms) = preSolution
		Debug|Any CPU = Debug|Any CPU
		Release|Any CPU = Release|Any CPU
	EndGlobalSection
	GlobalSection(ProjectConfigurationPlatforms) = postSolution
		{C863B741-F81F-4390-83C6-7EF9925033AA}.Debug|Any CPU.ActiveCfg = Debug|Any CPU
		{C863B741-F81F-4390-83C6-7EF9925033AA}.Debug|Any CPU.Build.0 = Debug|Any CPU
		{C863B741-F81F-4390-83C6-7EF9925033AA}.Release|Any CPU.ActiveCfg = Release|Any CPU
		{C863B741-F81F-4390-83C6-7EF9925033AA}.Release|Any CPU.Build.0 = Release|Any CPU
		{6D733DF5-0D8C-4308-AAB4-E33398D7E866}.Debug|Any CPU.ActiveCfg = Debug|Any CPU
		{6D733DF5-0D8C-4308-AAB4-E33398D7E866}.Debug|Any CPU.Build.0 = Debug|Any CPU
		{6D733DF5-0D8C-4308-AAB4-E33398D7E866}.Release|Any CPU.ActiveCfg = Release|Any CPU
		{6D733DF5-0D8C-4308-AAB4-E33398D7E866}.Release|Any CPU.Build.0 = Release|Any CPU
		{15153717-A2AB-4B5D-855D-1ABCA9BE97B9}.Debug|Any CPU.ActiveCfg = Debug|Any CPU
		{15153717-A2AB-4B5D-855D-1ABCA9BE97B9}.Debug|Any CPU.Build.0 = Debug|Any CPU
		{15153717-A2AB-4B5D-855D-1ABCA9BE97B9}.Release|Any CPU.ActiveCfg = Release|Any CPU
		{15153717-A2AB-4B5D-855D-1ABCA9BE97B9}.Release|Any CPU.Build.0 = Release|Any CPU
		{5A566020-4B41-425F-BCDB-E3841436DD4F}.Debug|Any CPU.ActiveCfg = Debug|Any CPU
		{5A566020-4B41-425F-BCDB-E3841436DD4F}.Debug|Any CPU.Build.0 = Debug|Any CPU
		{5A566020-4B41-425F-BCDB-E3841436DD4F}.Release|Any CPU.ActiveCfg = Release|Any CPU
		{5A566020-4B41-425F-BCDB-E3841436DD4F}.Release|Any CPU.Build.0 = Release|Any CPU
	EndGlobalSection
	GlobalSection(SolutionProperties) = preSolution
		HideSolutionNode = FALSE
	EndGlobalSection
	GlobalSection(ExtensibilityGlobals) = postSolution
		SolutionGuid = {F973CB9D-D310-47A4-BD87-CCDC4B6926F6}
	EndGlobalSection
EndGlobal
